
Microsoft Visual Studio Solution File, Format Version 12.00
# Visual Studio Version 17
VisualStudioVersion = 17.7.34031.279
MinimumVisualStudioVersion = 10.0.40219.1
Project("{FAE04EC0-301F-11D3-BF4B-00C04F79EFBC}") = "GiraffeTask1", "GiraffeTask1\GiraffeTask1.csproj", "{659C0918-A96A-4C2B-8D9E-2A9D19C7EBD9}"
EndProject
Global
	GlobalSection(SolutionConfigurationPlatforms) = preSolution
		Debug|Any CPU = Debug|Any CPU
		Release|Any CPU = Release|Any CPU
	EndGlobalSection
	GlobalSection(ProjectConfigurationPlatforms) = postSolution
		{659C0918-A96A-4C2B-8D9E-2A9D19C7EBD9}.Debug|Any CPU.ActiveCfg = Debug|Any CPU
		{659C0918-A96A-4C2B-8D9E-2A9D19C7EBD9}.Debug|Any CPU.Build.0 = Debug|Any CPU
		{659C0918-A96A-4C2B-8D9E-2A9D19C7EBD9}.Release|Any CPU.ActiveCfg = Release|Any CPU
		{659C0918-A96A-4C2B-8D9E-2A9D19C7EBD9}.Release|Any CPU.Build.0 = Release|Any CPU
	EndGlobalSection
	GlobalSection(SolutionProperties) = preSolution
		HideSolutionNode = FALSE
	EndGlobalSection
	GlobalSection(ExtensibilityGlobals) = postSolution
		SolutionGuid = {5F881C6A-4397-4E26-80B6-FA5CBDD708F7}
	EndGlobalSection
EndGlobal
